<?xml version="1.0" encoding="utf-8"?>
<Project ToolsVersion="4.0" xmlns="http://schemas.microsoft.com/developer/msbuild/2003">
  <ItemGroup>
    <Filter Include="Source Files">
      <UniqueIdentifier>{4FC737F1-C7A5-4376-A066-2A32D752A2FF}</UniqueIdentifier>
      <Extensions>cpp;c;cc;cxx;c++;cppm;ixx;def;odl;idl;hpj;bat;asm;asmx</Extensions>
    </Filter>
    <Filter Include="Header Files">
      <UniqueIdentifier>{93995380-89BD-4b04-88EB-625FBE52EBFB}</UniqueIdentifier>
      <Extensions>h;hh;hpp;hxx;h++;hm;inl;inc;ipp;xsd</Extensions>
    </Filter>
    <Filter Include="Resource Files">
      <UniqueIdentifier>{67DA6AB6-F800-4c08-8B7A-83BB121AAD01}</UniqueIdentifier>
      <Extensions>rc;ico;cur;bmp;dlg;rc2;rct;bin;rgs;gif;jpg;jpeg;jpe;resx;tiff;tif;png;wav;mfcribbon-ms</Extensions>
    </Filter>
    <Filter Include="ECS">
      <UniqueIdentifier>{c76a6a9b-6ab0-4cc1-a180-1806604f39f8}</UniqueIdentifier>
    </Filter>
    <Filter Include="Archive_Data">
      <UniqueIdentifier>{85096f4f-8cee-4e9a-afe4-7e7050dc7ada}</UniqueIdentifier>
    </Filter>
    <Filter Include="IO">
      <UniqueIdentifier>{4c3584c5-8112-4359-a425-c34f324c4cc9}</UniqueIdentifier>
    </Filter>
  </ItemGroup>
  <ItemGroup>
    <ClCompile Include="Source.cpp">
      <Filter>Source Files</Filter>
    </ClCompile>
    <ClCompile Include="Borders.cpp">
      <Filter>Source Files</Filter>
    </ClCompile>
    <ClCompile Include="Game.cpp">
      <Filter>Source Files</Filter>
    </ClCompile>
    <ClCompile Include="component_manager.cpp">
      <Filter>ECS</Filter>
    </ClCompile>
    <ClCompile Include="coordinator.cpp">
      <Filter>ECS</Filter>
    </ClCompile>
    <ClCompile Include="entity_manager.cpp">
      <Filter>ECS</Filter>
    </ClCompile>
    <ClCompile Include="entity_system.cpp">
      <Filter>ECS</Filter>
    </ClCompile>
    <ClCompile Include="InputManager.cpp">
      <Filter>Source Files</Filter>
    </ClCompile>
    <ClCompile Include="EntityCreator.cpp">
      <Filter>Source Files</Filter>
    </ClCompile>
    <ClCompile Include="ArchiveData.cpp">
      <Filter>Archive_Data</Filter>
    </ClCompile>
    <ClCompile Include="OutputTextManager.cpp">
      <Filter>IO</Filter>
    </ClCompile>
    <ClCompile Include="Autocomplete.cpp">
      <Filter>IO</Filter>
    </ClCompile>
    <ClCompile Include="..\..\..\..\Desktop\libraries\RichText-master\RichText.cpp">
      <Filter>IO</Filter>
    </ClCompile>
  </ItemGroup>
  <ItemGroup>
    <ClInclude Include="Sprite.h">
      <Filter>Header Files</Filter>
    </ClInclude>
    <ClInclude Include="Vertex.h">
      <Filter>Header Files</Filter>
    </ClInclude>
    <ClInclude Include="Borders.h">
      <Filter>Header Files</Filter>
    </ClInclude>
    <ClInclude Include="Enum.h">
      <Filter>Header Files</Filter>
    </ClInclude>
    <ClInclude Include="Game.h">
      <Filter>Header Files</Filter>
    </ClInclude>
    <ClInclude Include="component_array.hpp">
      <Filter>ECS</Filter>
    </ClInclude>
    <ClInclude Include="component_manager.hpp">
      <Filter>ECS</Filter>
    </ClInclude>
    <ClInclude Include="components.hpp">
      <Filter>ECS</Filter>
    </ClInclude>
    <ClInclude Include="coordinator.hpp">
      <Filter>ECS</Filter>
    </ClInclude>
    <ClInclude Include="entity_manager.hpp">
      <Filter>ECS</Filter>
    </ClInclude>
    <ClInclude Include="entity_system.hpp">
      <Filter>ECS</Filter>
    </ClInclude>
    <ClInclude Include="InputManager.h">
      <Filter>Header Files</Filter>
    </ClInclude>
    <ClInclude Include="EntityCreator.h">
      <Filter>Header Files</Filter>
    </ClInclude>
    <ClInclude Include="SettingsData.h">
      <Filter>Archive_Data</Filter>
    </ClInclude>
    <ClInclude Include="Serialization.h">
      <Filter>Archive_Data</Filter>
    </ClInclude>
    <ClInclude Include="ArchiveData.h">
      <Filter>Archive_Data</Filter>
    </ClInclude>
    <ClInclude Include="Hash.h">
      <Filter>Archive_Data</Filter>
    </ClInclude>
    <ClInclude Include="OutputTextManager.h">
      <Filter>IO</Filter>
    </ClInclude>
    <ClInclude Include="Text.h">
      <Filter>IO</Filter>
    </ClInclude>
    <ClInclude Include="Autocomplete.h">
      <Filter>IO</Filter>
    </ClInclude>
    <ClInclude Include="..\..\..\..\Desktop\libraries\RichText-master\RichText.hpp">
      <Filter>IO</Filter>
    </ClInclude>
  </ItemGroup>
</Project>